
Microsoft Visual Studio Solution File, Format Version 12.00
# Visual Studio Version 16
VisualStudioVersion = 16.6.30114.105
MinimumVisualStudioVersion = 10.0.40219.1
Project("{FAE04EC0-301F-11D3-BF4B-00C04F79EFBC}") = "SUI", "SUI\SUI.csproj", "{3F5654EA-B64B-4BF2-B74D-3CE58B5755F4}"
EndProject
Project("{FAE04EC0-301F-11D3-BF4B-00C04F79EFBC}") = "SModels", "SModels\SModels.csproj", "{5C1837B8-8399-4593-BC1A-7F0D52CA41AD}"
EndProject
Project("{FAE04EC0-301F-11D3-BF4B-00C04F79EFBC}") = "SDL", "SDL\SDL.csproj", "{8C735A06-A3A4-460B-B5AD-5C537DC58ED1}"
EndProject
Project("{FAE04EC0-301F-11D3-BF4B-00C04F79EFBC}") = "SBL", "SBL\SBL.csproj", "{79CFF95B-D5B1-4284-ADBC-5FF30C65F10E}"
EndProject
Project("{FAE04EC0-301F-11D3-BF4B-00C04F79EFBC}") = "STests", "STests\STests.csproj", "{7240E4C0-6BFA-4766-A7AB-35AE4C8A3A95}"
EndProject
Global
	GlobalSection(SolutionConfigurationPlatforms) = preSolution
		Debug|Any CPU = Debug|Any CPU
		Debug|x64 = Debug|x64
		Debug|x86 = Debug|x86
		Release|Any CPU = Release|Any CPU
		Release|x64 = Release|x64
		Release|x86 = Release|x86
	EndGlobalSection
	GlobalSection(SolutionProperties) = preSolution
		HideSolutionNode = FALSE
	EndGlobalSection
	GlobalSection(ProjectConfigurationPlatforms) = postSolution
		{3F5654EA-B64B-4BF2-B74D-3CE58B5755F4}.Debug|Any CPU.ActiveCfg = Debug|Any CPU
		{3F5654EA-B64B-4BF2-B74D-3CE58B5755F4}.Debug|Any CPU.Build.0 = Debug|Any CPU
		{3F5654EA-B64B-4BF2-B74D-3CE58B5755F4}.Debug|x64.ActiveCfg = Debug|Any CPU
		{3F5654EA-B64B-4BF2-B74D-3CE58B5755F4}.Debug|x64.Build.0 = Debug|Any CPU
		{3F5654EA-B64B-4BF2-B74D-3CE58B5755F4}.Debug|x86.ActiveCfg = Debug|Any CPU
		{3F5654EA-B64B-4BF2-B74D-3CE58B5755F4}.Debug|x86.Build.0 = Debug|Any CPU
		{3F5654EA-B64B-4BF2-B74D-3CE58B5755F4}.Release|Any CPU.ActiveCfg = Release|Any CPU
		{3F5654EA-B64B-4BF2-B74D-3CE58B5755F4}.Release|Any CPU.Build.0 = Release|Any CPU
		{3F5654EA-B64B-4BF2-B74D-3CE58B5755F4}.Release|x64.ActiveCfg = Release|Any CPU
		{3F5654EA-B64B-4BF2-B74D-3CE58B5755F4}.Release|x64.Build.0 = Release|Any CPU
		{3F5654EA-B64B-4BF2-B74D-3CE58B5755F4}.Release|x86.ActiveCfg = Release|Any CPU
		{3F5654EA-B64B-4BF2-B74D-3CE58B5755F4}.Release|x86.Build.0 = Release|Any CPU
		{5C1837B8-8399-4593-BC1A-7F0D52CA41AD}.Debug|Any CPU.ActiveCfg = Debug|Any CPU
		{5C1837B8-8399-4593-BC1A-7F0D52CA41AD}.Debug|Any CPU.Build.0 = Debug|Any CPU
		{5C1837B8-8399-4593-BC1A-7F0D52CA41AD}.Debug|x64.ActiveCfg = Debug|Any CPU
		{5C1837B8-8399-4593-BC1A-7F0D52CA41AD}.Debug|x64.Build.0 = Debug|Any CPU
		{5C1837B8-8399-4593-BC1A-7F0D52CA41AD}.Debug|x86.ActiveCfg = Debug|Any CPU
		{5C1837B8-8399-4593-BC1A-7F0D52CA41AD}.Debug|x86.Build.0 = Debug|Any CPU
		{5C1837B8-8399-4593-BC1A-7F0D52CA41AD}.Release|Any CPU.ActiveCfg = Release|Any CPU
		{5C1837B8-8399-4593-BC1A-7F0D52CA41AD}.Release|Any CPU.Build.0 = Release|Any CPU
		{5C1837B8-8399-4593-BC1A-7F0D52CA41AD}.Release|x64.ActiveCfg = Release|Any CPU
		{5C1837B8-8399-4593-BC1A-7F0D52CA41AD}.Release|x64.Build.0 = Release|Any CPU
		{5C1837B8-8399-4593-BC1A-7F0D52CA41AD}.Release|x86.ActiveCfg = Release|Any CPU
		{5C1837B8-8399-4593-BC1A-7F0D52CA41AD}.Release|x86.Build.0 = Release|Any CPU
		{8C735A06-A3A4-460B-B5AD-5C537DC58ED1}.Debug|Any CPU.ActiveCfg = Debug|Any CPU
		{8C735A06-A3A4-460B-B5AD-5C537DC58ED1}.Debug|Any CPU.Build.0 = Debug|Any CPU
		{8C735A06-A3A4-460B-B5AD-5C537DC58ED1}.Debug|x64.ActiveCfg = Debug|Any CPU
		{8C735A06-A3A4-460B-B5AD-5C537DC58ED1}.Debug|x64.Build.0 = Debug|Any CPU
		{8C735A06-A3A4-460B-B5AD-5C537DC58ED1}.Debug|x86.ActiveCfg = Debug|Any CPU
		{8C735A06-A3A4-460B-B5AD-5C537DC58ED1}.Debug|x86.Build.0 = Debug|Any CPU
		{8C735A06-A3A4-460B-B5AD-5C537DC58ED1}.Release|Any CPU.ActiveCfg = Release|Any CPU
		{8C735A06-A3A4-460B-B5AD-5C537DC58ED1}.Release|Any CPU.Build.0 = Release|Any CPU
		{8C735A06-A3A4-460B-B5AD-5C537DC58ED1}.Release|x64.ActiveCfg = Release|Any CPU
		{8C735A06-A3A4-460B-B5AD-5C537DC58ED1}.Release|x64.Build.0 = Release|Any CPU
		{8C735A06-A3A4-460B-B5AD-5C537DC58ED1}.Release|x86.ActiveCfg = Release|Any CPU
		{8C735A06-A3A4-460B-B5AD-5C537DC58ED1}.Release|x86.Build.0 = Release|Any CPU
		{79CFF95B-D5B1-4284-ADBC-5FF30C65F10E}.Debug|Any CPU.ActiveCfg = Debug|Any CPU
		{79CFF95B-D5B1-4284-ADBC-5FF30C65F10E}.Debug|Any CPU.Build.0 = Debug|Any CPU
		{79CFF95B-D5B1-4284-ADBC-5FF30C65F10E}.Debug|x64.ActiveCfg = Debug|Any CPU
		{79CFF95B-D5B1-4284-ADBC-5FF30C65F10E}.Debug|x64.Build.0 = Debug|Any CPU
		{79CFF95B-D5B1-4284-ADBC-5FF30C65F10E}.Debug|x86.ActiveCfg = Debug|Any CPU
		{79CFF95B-D5B1-4284-ADBC-5FF30C65F10E}.Debug|x86.Build.0 = Debug|Any CPU
		{79CFF95B-D5B1-4284-ADBC-5FF30C65F10E}.Release|Any CPU.ActiveCfg = Release|Any CPU
		{79CFF95B-D5B1-4284-ADBC-5FF30C65F10E}.Release|Any CPU.Build.0 = Release|Any CPU
		{79CFF95B-D5B1-4284-ADBC-5FF30C65F10E}.Release|x64.ActiveCfg = Release|Any CPU
		{79CFF95B-D5B1-4284-ADBC-5FF30C65F10E}.Release|x64.Build.0 = Release|Any CPU
		{79CFF95B-D5B1-4284-ADBC-5FF30C65F10E}.Release|x86.ActiveCfg = Release|Any CPU
		{79CFF95B-D5B1-4284-ADBC-5FF30C65F10E}.Release|x86.Build.0 = Release|Any CPU
		{7240E4C0-6BFA-4766-A7AB-35AE4C8A3A95}.Debug|Any CPU.ActiveCfg = Debug|Any CPU
		{7240E4C0-6BFA-4766-A7AB-35AE4C8A3A95}.Debug|Any CPU.Build.0 = Debug|Any CPU
		{7240E4C0-6BFA-4766-A7AB-35AE4C8A3A95}.Debug|x64.ActiveCfg = Debug|Any CPU
		{7240E4C0-6BFA-4766-A7AB-35AE4C8A3A95}.Debug|x64.Build.0 = Debug|Any CPU
		{7240E4C0-6BFA-4766-A7AB-35AE4C8A3A95}.Debug|x86.ActiveCfg = Debug|Any CPU
		{7240E4C0-6BFA-4766-A7AB-35AE4C8A3A95}.Debug|x86.Build.0 = Debug|Any CPU
		{7240E4C0-6BFA-4766-A7AB-35AE4C8A3A95}.Release|Any CPU.ActiveCfg = Release|Any CPU
		{7240E4C0-6BFA-4766-A7AB-35AE4C8A3A95}.Release|Any CPU.Build.0 = Release|Any CPU
		{7240E4C0-6BFA-4766-A7AB-35AE4C8A3A95}.Release|x64.ActiveCfg = Release|Any CPU
		{7240E4C0-6BFA-4766-A7AB-35AE4C8A3A95}.Release|x64.Build.0 = Release|Any CPU
		{7240E4C0-6BFA-4766-A7AB-35AE4C8A3A95}.Release|x86.ActiveCfg = Release|Any CPU
		{7240E4C0-6BFA-4766-A7AB-35AE4C8A3A95}.Release|x86.Build.0 = Release|Any CPU
	EndGlobalSection
EndGlobal
